
Microsoft Visual Studio Solution File, Format Version 12.00
# Visual Studio Version 17
VisualStudioVersion = 17.9.34407.89
MinimumVisualStudioVersion = 10.0.40219.1
Project("{FAE04EC0-301F-11D3-BF4B-00C04F79EFBC}") = "SignalR", "SignalR\SignalR.csproj", "{1B184ACF-6098-499A-A7C5-A661459EB604}"
EndProject
Global
	GlobalSection(SolutionConfigurationPlatforms) = preSolution
		Debug|Any CPU = Debug|Any CPU
		Release|Any CPU = Release|Any CPU
	EndGlobalSection
	GlobalSection(ProjectConfigurationPlatforms) = postSolution
		{1B184ACF-6098-499A-A7C5-A661459EB604}.Debug|Any CPU.ActiveCfg = Debug|Any CPU
		{1B184ACF-6098-499A-A7C5-A661459EB604}.Debug|Any CPU.Build.0 = Debug|Any CPU
		{1B184ACF-6098-499A-A7C5-A661459EB604}.Debug|Any CPU.Deploy.0 = Debug|Any CPU
		{1B184ACF-6098-499A-A7C5-A661459EB604}.Release|Any CPU.ActiveCfg = Release|Any CPU
		{1B184ACF-6098-499A-A7C5-A661459EB604}.Release|Any CPU.Build.0 = Release|Any CPU
		{1B184ACF-6098-499A-A7C5-A661459EB604}.Release|Any CPU.Deploy.0 = Release|Any CPU
	EndGlobalSection
	GlobalSection(SolutionProperties) = preSolution
		HideSolutionNode = FALSE
	EndGlobalSection
	GlobalSection(ExtensibilityGlobals) = postSolution
		SolutionGuid = {74F18B6C-0A6A-4B62-8911-D2F4FB8D6E1D}
	EndGlobalSection
EndGlobal
